
Microsoft Visual Studio Solution File, Format Version 12.00
Project("{FAE04EC0-301F-11D3-BF4B-00C04F79EFBC}") = "NewsScaper", "NewsScaper\NewsScaper.csproj", "{2A9D8A4A-9129-40D7-8541-335945F78F36}"
EndProject
Project("{FAE04EC0-301F-11D3-BF4B-00C04F79EFBC}") = "ScraperLib", "ScraperLib\ScraperLib.csproj", "{D5D54702-1C74-417B-848F-054A5C66D1F5}"
EndProject
Global
	GlobalSection(SolutionConfigurationPlatforms) = preSolution
		Debug|Any CPU = Debug|Any CPU
		Release|Any CPU = Release|Any CPU
	EndGlobalSection
	GlobalSection(ProjectConfigurationPlatforms) = postSolution
		{2A9D8A4A-9129-40D7-8541-335945F78F36}.Debug|Any CPU.ActiveCfg = Debug|Any CPU
		{2A9D8A4A-9129-40D7-8541-335945F78F36}.Debug|Any CPU.Build.0 = Debug|Any CPU
		{2A9D8A4A-9129-40D7-8541-335945F78F36}.Release|Any CPU.ActiveCfg = Release|Any CPU
		{2A9D8A4A-9129-40D7-8541-335945F78F36}.Release|Any CPU.Build.0 = Release|Any CPU
		{D5D54702-1C74-417B-848F-054A5C66D1F5}.Debug|Any CPU.ActiveCfg = Debug|Any CPU
		{D5D54702-1C74-417B-848F-054A5C66D1F5}.Debug|Any CPU.Build.0 = Debug|Any CPU
		{D5D54702-1C74-417B-848F-054A5C66D1F5}.Release|Any CPU.ActiveCfg = Release|Any CPU
		{D5D54702-1C74-417B-848F-054A5C66D1F5}.Release|Any CPU.Build.0 = Release|Any CPU
	EndGlobalSection
EndGlobal
